
Microsoft Visual Studio Solution File, Format Version 12.00
Project("{2150E333-8FDC-42A3-9474-1A3956D46DE8}") = "src", "src", "{0C672462-369D-472F-8CA8-39E6E4EC497F}"
EndProject
Project("{2150E333-8FDC-42A3-9474-1A3956D46DE8}") = "test", "test", "{9B733F24-D73E-4A78-A039-D6A14ED2C483}"
EndProject
Project("{2150E333-8FDC-42A3-9474-1A3956D46DE8}") = "API", "API", "{008E29A1-90FF-4CDE-8946-30B5AAA59847}"
EndProject
Project("{2150E333-8FDC-42A3-9474-1A3956D46DE8}") = "Core", "Core", "{72984406-83E9-4BEE-99B5-799689D853BC}"
EndProject
Project("{2150E333-8FDC-42A3-9474-1A3956D46DE8}") = "Infrastructure", "Infrastructure", "{ACC9A759-6307-4B0D-8F2D-FBEB0BEDB69C}"
EndProject
Project("{2150E333-8FDC-42A3-9474-1A3956D46DE8}") = "UI", "UI", "{131E27A1-8FA4-423E-A64E-2A3BDAE8E0F9}"
EndProject
Project("{FAE04EC0-301F-11D3-BF4B-00C04F79EFBC}") = "GloboTicket.TicketManagement.Domain", "GloboTicket.TicketManagement.Domain\GloboTicket.TicketManagement.Domain.csproj", "{A4AA6576-B97C-481A-8445-729B8C8952EE}"
EndProject
Project("{FAE04EC0-301F-11D3-BF4B-00C04F79EFBC}") = "GloboTicket.TicketManagement.Application", "GloboTicket.TicketManagement.Application\GloboTicket.TicketManagement.Application.csproj", "{DEABA6C6-69DD-4E9A-9569-25642D0DCF32}"
EndProject
Project("{FAE04EC0-301F-11D3-BF4B-00C04F79EFBC}") = "GloboTicket.TicketManagement.Persistence", "GloboTicket.TicketManagement.Persistence\GloboTicket.TicketManagement.Persistence.csproj", "{2F03A353-9833-44FB-81DB-CB5003AD08BB}"
EndProject
Project("{FAE04EC0-301F-11D3-BF4B-00C04F79EFBC}") = "GloboTicket.TicketManagement.Infrastucture", "GloboTicket.TicketManagement.Infrastucture\GloboTicket.TicketManagement.Infrastucture.csproj", "{6F5164C2-F76E-46B2-A125-A703318C513D}"
EndProject
Project("{FAE04EC0-301F-11D3-BF4B-00C04F79EFBC}") = "loboTicket.TicketManagement.Api", "loboTicket.TicketManagement.Api\loboTicket.TicketManagement.Api.csproj", "{04697A63-DD06-42A6-85EE-FA8986CD562B}"
EndProject
Project("{FAE04EC0-301F-11D3-BF4B-00C04F79EFBC}") = "GloboTicket.TicketManagement.Application.UnitTests", "GloboTicket.TicketManagement.Application.UnitTests\GloboTicket.TicketManagement.Application.UnitTests.csproj", "{2766214A-D4AF-41D4-9A31-8D900E93E67D}"
EndProject
Global
	GlobalSection(SolutionConfigurationPlatforms) = preSolution
		Debug|Any CPU = Debug|Any CPU
		Release|Any CPU = Release|Any CPU
	EndGlobalSection
	GlobalSection(NestedProjects) = preSolution
		{008E29A1-90FF-4CDE-8946-30B5AAA59847} = {0C672462-369D-472F-8CA8-39E6E4EC497F}
		{72984406-83E9-4BEE-99B5-799689D853BC} = {0C672462-369D-472F-8CA8-39E6E4EC497F}
		{ACC9A759-6307-4B0D-8F2D-FBEB0BEDB69C} = {0C672462-369D-472F-8CA8-39E6E4EC497F}
		{131E27A1-8FA4-423E-A64E-2A3BDAE8E0F9} = {0C672462-369D-472F-8CA8-39E6E4EC497F}
		{A4AA6576-B97C-481A-8445-729B8C8952EE} = {72984406-83E9-4BEE-99B5-799689D853BC}
		{DEABA6C6-69DD-4E9A-9569-25642D0DCF32} = {72984406-83E9-4BEE-99B5-799689D853BC}
		{2F03A353-9833-44FB-81DB-CB5003AD08BB} = {ACC9A759-6307-4B0D-8F2D-FBEB0BEDB69C}
		{6F5164C2-F76E-46B2-A125-A703318C513D} = {ACC9A759-6307-4B0D-8F2D-FBEB0BEDB69C}
		{04697A63-DD06-42A6-85EE-FA8986CD562B} = {008E29A1-90FF-4CDE-8946-30B5AAA59847}
		{2766214A-D4AF-41D4-9A31-8D900E93E67D} = {9B733F24-D73E-4A78-A039-D6A14ED2C483}
	EndGlobalSection
	GlobalSection(ProjectConfigurationPlatforms) = postSolution
		{A4AA6576-B97C-481A-8445-729B8C8952EE}.Debug|Any CPU.ActiveCfg = Debug|Any CPU
		{A4AA6576-B97C-481A-8445-729B8C8952EE}.Debug|Any CPU.Build.0 = Debug|Any CPU
		{A4AA6576-B97C-481A-8445-729B8C8952EE}.Release|Any CPU.ActiveCfg = Release|Any CPU
		{A4AA6576-B97C-481A-8445-729B8C8952EE}.Release|Any CPU.Build.0 = Release|Any CPU
		{DEABA6C6-69DD-4E9A-9569-25642D0DCF32}.Debug|Any CPU.ActiveCfg = Debug|Any CPU
		{DEABA6C6-69DD-4E9A-9569-25642D0DCF32}.Debug|Any CPU.Build.0 = Debug|Any CPU
		{DEABA6C6-69DD-4E9A-9569-25642D0DCF32}.Release|Any CPU.ActiveCfg = Release|Any CPU
		{DEABA6C6-69DD-4E9A-9569-25642D0DCF32}.Release|Any CPU.Build.0 = Release|Any CPU
		{2F03A353-9833-44FB-81DB-CB5003AD08BB}.Debug|Any CPU.ActiveCfg = Debug|Any CPU
		{2F03A353-9833-44FB-81DB-CB5003AD08BB}.Debug|Any CPU.Build.0 = Debug|Any CPU
		{2F03A353-9833-44FB-81DB-CB5003AD08BB}.Release|Any CPU.ActiveCfg = Release|Any CPU
		{2F03A353-9833-44FB-81DB-CB5003AD08BB}.Release|Any CPU.Build.0 = Release|Any CPU
		{6F5164C2-F76E-46B2-A125-A703318C513D}.Debug|Any CPU.ActiveCfg = Debug|Any CPU
		{6F5164C2-F76E-46B2-A125-A703318C513D}.Debug|Any CPU.Build.0 = Debug|Any CPU
		{6F5164C2-F76E-46B2-A125-A703318C513D}.Release|Any CPU.ActiveCfg = Release|Any CPU
		{6F5164C2-F76E-46B2-A125-A703318C513D}.Release|Any CPU.Build.0 = Release|Any CPU
		{04697A63-DD06-42A6-85EE-FA8986CD562B}.Debug|Any CPU.ActiveCfg = Debug|Any CPU
		{04697A63-DD06-42A6-85EE-FA8986CD562B}.Debug|Any CPU.Build.0 = Debug|Any CPU
		{04697A63-DD06-42A6-85EE-FA8986CD562B}.Release|Any CPU.ActiveCfg = Release|Any CPU
		{04697A63-DD06-42A6-85EE-FA8986CD562B}.Release|Any CPU.Build.0 = Release|Any CPU
		{2766214A-D4AF-41D4-9A31-8D900E93E67D}.Debug|Any CPU.ActiveCfg = Debug|Any CPU
		{2766214A-D4AF-41D4-9A31-8D900E93E67D}.Debug|Any CPU.Build.0 = Debug|Any CPU
		{2766214A-D4AF-41D4-9A31-8D900E93E67D}.Release|Any CPU.ActiveCfg = Release|Any CPU
		{2766214A-D4AF-41D4-9A31-8D900E93E67D}.Release|Any CPU.Build.0 = Release|Any CPU
	EndGlobalSection
EndGlobal
